
Microsoft Visual Studio Solution File, Format Version 12.00
Project("{FAE04EC0-301F-11D3-BF4B-00C04F79EFBC}") = "RazorPages.ReactTS", "RazorPages.ReactTS\RazorPages.ReactTS.csproj", "{DB952A53-65BA-4366-9499-0F620ED4B0FA}"
EndProject
Global
	GlobalSection(SolutionConfigurationPlatforms) = preSolution
		Debug|Any CPU = Debug|Any CPU
		Release|Any CPU = Release|Any CPU
	EndGlobalSection
	GlobalSection(ProjectConfigurationPlatforms) = postSolution
		{DB952A53-65BA-4366-9499-0F620ED4B0FA}.Debug|Any CPU.ActiveCfg = Debug|Any CPU
		{DB952A53-65BA-4366-9499-0F620ED4B0FA}.Debug|Any CPU.Build.0 = Debug|Any CPU
		{DB952A53-65BA-4366-9499-0F620ED4B0FA}.Release|Any CPU.ActiveCfg = Release|Any CPU
		{DB952A53-65BA-4366-9499-0F620ED4B0FA}.Release|Any CPU.Build.0 = Release|Any CPU
	EndGlobalSection
EndGlobal
